
Microsoft Visual Studio Solution File, Format Version 11.00
# Visual Studio 2010
Project("{FAE04EC0-301F-11D3-BF4B-00C04F79EFBC}") = "WebServiceDB", "WebServiceDB\WebServiceDB.csproj", "{6CD5CB7E-7F6B-45B3-9074-269FBC721343}"
EndProject
Global
	GlobalSection(SolutionConfigurationPlatforms) = preSolution
		Debug|Any CPU = Debug|Any CPU
		Release|Any CPU = Release|Any CPU
	EndGlobalSection
	GlobalSection(ProjectConfigurationPlatforms) = postSolution
		{6CD5CB7E-7F6B-45B3-9074-269FBC721343}.Debug|Any CPU.ActiveCfg = Debug|Any CPU
		{6CD5CB7E-7F6B-45B3-9074-269FBC721343}.Debug|Any CPU.Build.0 = Debug|Any CPU
		{6CD5CB7E-7F6B-45B3-9074-269FBC721343}.Release|Any CPU.ActiveCfg = Release|Any CPU
		{6CD5CB7E-7F6B-45B3-9074-269FBC721343}.Release|Any CPU.Build.0 = Release|Any CPU
	EndGlobalSection
	GlobalSection(SolutionProperties) = preSolution
		HideSolutionNode = FALSE
	EndGlobalSection
EndGlobal
